
Microsoft Visual Studio Solution File, Format Version 12.00
# Visual Studio Version 16
VisualStudioVersion = 16.0.31129.286
MinimumVisualStudioVersion = 10.0.40219.1
Project("{FAE04EC0-301F-11D3-BF4B-00C04F79EFBC}") = "TelaLogin", "TelaLogin\TelaLogin.csproj", "{AB97BC8F-CBFF-4117-99C2-C9653220448C}"
EndProject
Global
	GlobalSection(SolutionConfigurationPlatforms) = preSolution
		Debug|Any CPU = Debug|Any CPU
		Release|Any CPU = Release|Any CPU
	EndGlobalSection
	GlobalSection(ProjectConfigurationPlatforms) = postSolution
		{AB97BC8F-CBFF-4117-99C2-C9653220448C}.Debug|Any CPU.ActiveCfg = Debug|Any CPU
		{AB97BC8F-CBFF-4117-99C2-C9653220448C}.Debug|Any CPU.Build.0 = Debug|Any CPU
		{AB97BC8F-CBFF-4117-99C2-C9653220448C}.Release|Any CPU.ActiveCfg = Release|Any CPU
		{AB97BC8F-CBFF-4117-99C2-C9653220448C}.Release|Any CPU.Build.0 = Release|Any CPU
	EndGlobalSection
	GlobalSection(SolutionProperties) = preSolution
		HideSolutionNode = FALSE
	EndGlobalSection
	GlobalSection(ExtensibilityGlobals) = postSolution
		SolutionGuid = {60CF9B3E-AF98-483B-8CB5-8803FC32EA17}
	EndGlobalSection
EndGlobal
